
Microsoft Visual Studio Solution File, Format Version 12.00
# Visual Studio Version 17
VisualStudioVersion = 17.7.34003.232
MinimumVisualStudioVersion = 10.0.40219.1
Project("{9A19103F-16F7-4668-BE54-9A1E7A4F7556}") = "FilmIncelemeProjesi.DataAccess", "FilmIncelemeProjesi.DataAccess\FilmIncelemeProjesi.DataAccess.csproj", "{A1670629-CD78-467A-8CFE-9A2459C6DC86}"
EndProject
Project("{9A19103F-16F7-4668-BE54-9A1E7A4F7556}") = "FilmIncelemeProjesi.Entity", "FilmIncelemeProjesi.Entity\FilmIncelemeProjesi.Entity.csproj", "{A7AEAC7D-05F6-477E-A537-E793A0DE9A49}"
EndProject
Global
	GlobalSection(SolutionConfigurationPlatforms) = preSolution
		Debug|Any CPU = Debug|Any CPU
		Release|Any CPU = Release|Any CPU
	EndGlobalSection
	GlobalSection(ProjectConfigurationPlatforms) = postSolution
		{A1670629-CD78-467A-8CFE-9A2459C6DC86}.Debug|Any CPU.ActiveCfg = Debug|Any CPU
		{A1670629-CD78-467A-8CFE-9A2459C6DC86}.Debug|Any CPU.Build.0 = Debug|Any CPU
		{A1670629-CD78-467A-8CFE-9A2459C6DC86}.Release|Any CPU.ActiveCfg = Release|Any CPU
		{A1670629-CD78-467A-8CFE-9A2459C6DC86}.Release|Any CPU.Build.0 = Release|Any CPU
		{A7AEAC7D-05F6-477E-A537-E793A0DE9A49}.Debug|Any CPU.ActiveCfg = Debug|Any CPU
		{A7AEAC7D-05F6-477E-A537-E793A0DE9A49}.Debug|Any CPU.Build.0 = Debug|Any CPU
		{A7AEAC7D-05F6-477E-A537-E793A0DE9A49}.Release|Any CPU.ActiveCfg = Release|Any CPU
		{A7AEAC7D-05F6-477E-A537-E793A0DE9A49}.Release|Any CPU.Build.0 = Release|Any CPU
	EndGlobalSection
	GlobalSection(SolutionProperties) = preSolution
		HideSolutionNode = FALSE
	EndGlobalSection
	GlobalSection(ExtensibilityGlobals) = postSolution
		SolutionGuid = {A9A970B3-83BC-4C24-8465-7862B785FD3F}
	EndGlobalSection
EndGlobal
